
Microsoft Visual Studio Solution File, Format Version 12.00
# Visual Studio Version 16
VisualStudioVersion = 16.0.30225.117
MinimumVisualStudioVersion = 10.0.40219.1
Project("{FAE04EC0-301F-11D3-BF4B-00C04F79EFBC}") = "Structs_and_enums_001", "Structs_and_enums_001\Structs_and_enums_001.csproj", "{53C0725E-1CFD-46C4-A9AE-435F9CAC3279}"
EndProject
Project("{FAE04EC0-301F-11D3-BF4B-00C04F79EFBC}") = "Structs_and_enums_002", "Structs_and_enums_002\Structs_and_enums_002.csproj", "{24A9F072-F984-4081-8E71-F7EDD53EAA16}"
EndProject
Project("{FAE04EC0-301F-11D3-BF4B-00C04F79EFBC}") = "Structs_and_enums_003", "Structs_and_enums_003\Structs_and_enums_003.csproj", "{84A92D33-A026-4C94-8BBA-E2EA57CD9EC2}"
EndProject
Project("{FAE04EC0-301F-11D3-BF4B-00C04F79EFBC}") = "Structs_and_enums_004", "Structs_and_enums_004\Structs_and_enums_004.csproj", "{76606ED5-51E3-4B6E-B761-189817920C4E}"
EndProject
Project("{FAE04EC0-301F-11D3-BF4B-00C04F79EFBC}") = "Structs_and_enums_005", "Structs_and_enums_005\Structs_and_enums_005.csproj", "{F2677ED1-FF5F-4C7B-B769-CE592E23BC31}"
EndProject
Global
	GlobalSection(SolutionConfigurationPlatforms) = preSolution
		Debug|Any CPU = Debug|Any CPU
		Release|Any CPU = Release|Any CPU
	EndGlobalSection
	GlobalSection(ProjectConfigurationPlatforms) = postSolution
		{53C0725E-1CFD-46C4-A9AE-435F9CAC3279}.Debug|Any CPU.ActiveCfg = Debug|Any CPU
		{53C0725E-1CFD-46C4-A9AE-435F9CAC3279}.Debug|Any CPU.Build.0 = Debug|Any CPU
		{53C0725E-1CFD-46C4-A9AE-435F9CAC3279}.Release|Any CPU.ActiveCfg = Release|Any CPU
		{53C0725E-1CFD-46C4-A9AE-435F9CAC3279}.Release|Any CPU.Build.0 = Release|Any CPU
		{24A9F072-F984-4081-8E71-F7EDD53EAA16}.Debug|Any CPU.ActiveCfg = Debug|Any CPU
		{24A9F072-F984-4081-8E71-F7EDD53EAA16}.Debug|Any CPU.Build.0 = Debug|Any CPU
		{24A9F072-F984-4081-8E71-F7EDD53EAA16}.Release|Any CPU.ActiveCfg = Release|Any CPU
		{24A9F072-F984-4081-8E71-F7EDD53EAA16}.Release|Any CPU.Build.0 = Release|Any CPU
		{84A92D33-A026-4C94-8BBA-E2EA57CD9EC2}.Debug|Any CPU.ActiveCfg = Debug|Any CPU
		{84A92D33-A026-4C94-8BBA-E2EA57CD9EC2}.Debug|Any CPU.Build.0 = Debug|Any CPU
		{84A92D33-A026-4C94-8BBA-E2EA57CD9EC2}.Release|Any CPU.ActiveCfg = Release|Any CPU
		{84A92D33-A026-4C94-8BBA-E2EA57CD9EC2}.Release|Any CPU.Build.0 = Release|Any CPU
		{76606ED5-51E3-4B6E-B761-189817920C4E}.Debug|Any CPU.ActiveCfg = Debug|Any CPU
		{76606ED5-51E3-4B6E-B761-189817920C4E}.Debug|Any CPU.Build.0 = Debug|Any CPU
		{76606ED5-51E3-4B6E-B761-189817920C4E}.Release|Any CPU.ActiveCfg = Release|Any CPU
		{76606ED5-51E3-4B6E-B761-189817920C4E}.Release|Any CPU.Build.0 = Release|Any CPU
		{F2677ED1-FF5F-4C7B-B769-CE592E23BC31}.Debug|Any CPU.ActiveCfg = Debug|Any CPU
		{F2677ED1-FF5F-4C7B-B769-CE592E23BC31}.Debug|Any CPU.Build.0 = Debug|Any CPU
		{F2677ED1-FF5F-4C7B-B769-CE592E23BC31}.Release|Any CPU.ActiveCfg = Release|Any CPU
		{F2677ED1-FF5F-4C7B-B769-CE592E23BC31}.Release|Any CPU.Build.0 = Release|Any CPU
	EndGlobalSection
	GlobalSection(SolutionProperties) = preSolution
		HideSolutionNode = FALSE
	EndGlobalSection
	GlobalSection(ExtensibilityGlobals) = postSolution
		SolutionGuid = {17C203AA-DF29-4D15-9660-B57D03CC6E1D}
	EndGlobalSection
EndGlobal
